
Microsoft Visual Studio Solution File, Format Version 12.00
# Visual Studio Version 17
VisualStudioVersion = 17.5.33516.290
MinimumVisualStudioVersion = 10.0.40219.1
Project("{FAE04EC0-301F-11D3-BF4B-00C04F79EFBC}") = "ConsoleApp3", "ConsoleApp3.csproj", "{A252057F-2A43-47BC-A247-B9D57B400DCD}"
EndProject
Global
	GlobalSection(SolutionConfigurationPlatforms) = preSolution
		Debug|Any CPU = Debug|Any CPU
		Release|Any CPU = Release|Any CPU
	EndGlobalSection
	GlobalSection(ProjectConfigurationPlatforms) = postSolution
		{A252057F-2A43-47BC-A247-B9D57B400DCD}.Debug|Any CPU.ActiveCfg = Debug|Any CPU
		{A252057F-2A43-47BC-A247-B9D57B400DCD}.Debug|Any CPU.Build.0 = Debug|Any CPU
		{A252057F-2A43-47BC-A247-B9D57B400DCD}.Release|Any CPU.ActiveCfg = Release|Any CPU
		{A252057F-2A43-47BC-A247-B9D57B400DCD}.Release|Any CPU.Build.0 = Release|Any CPU
	EndGlobalSection
	GlobalSection(SolutionProperties) = preSolution
		HideSolutionNode = FALSE
	EndGlobalSection
	GlobalSection(ExtensibilityGlobals) = postSolution
		SolutionGuid = {AD06C797-12A7-4256-BAA8-33E6301C74EF}
	EndGlobalSection
EndGlobal
